{
  "name": "@onting/selenium-webdriver-message-port-root",
  "version": "0.1.0-0",
  "lockfileVersion": 3,
  "requires": true,
  "packages": {
    "": {
      "name": "@onting/selenium-webdriver-message-port-root",
      "version": "0.1.0-0",
      "workspaces": [
        "packages/selenium-webdriver-message-port",
        "packages/pages",
        "packages/integration-test"
      ]
    },
    "node_modules/@onting/selenium-webdriver-message-port": {
      "resolved": "packages/selenium-webdriver-message-port",
      "link": true
    },
    "node_modules/@onting/selenium-webdriver-message-port-integration-test": {
      "resolved": "packages/integration-test",
      "link": true
    },
    "node_modules/@onting/selenium-webdriver-message-port-pages": {
      "resolved": "packages/pages",
      "link": true
    },
    "packages/integration-test": {
      "name": "@onting/selenium-webdriver-message-port-integration-test",
      "version": "0.0.0-0",
      "license": "MIT",
      "devDependencies": {
        "@onting/selenium-webdriver-message-port": "^0.0.0-0"
      }
    },
    "packages/pages": {
      "name": "@onting/selenium-webdriver-message-port-pages",
      "version": "0.0.0-0",
      "license": "MIT",
      "devDependencies": {
        "@onting/selenium-webdriver-message-port": "^0.0.0-0"
      }
    },
    "packages/selenium-webdriver-message-port": {
      "name": "@onting/selenium-webdriver-message-port",
      "version": "0.0.0-0",
      "license": "MIT",
      "devDependencies": {}
    }
  }
}
