{
  "name": "@onting/root",
  "version": "0.1.0-0",
  "lockfileVersion": 3,
  "requires": true,
  "packages": {
    "": {
      "name": "@onting/root",
      "version": "0.1.0-0",
      "license": "MIT",
      "workspaces": [
        "packages/test-harness",
        "packages/selenium-webdriver-message-port",
        "packages/integration-test",
        "packages/pages"
      ],
      "devDependencies": {}
    },
    "node_modules/@onting/selenium-webdriver-message-port": {
      "resolved": "packages/selenium-webdriver-message-port",
      "link": true
    },
    "node_modules/@onting/selenium-webdriver-message-port-integration-test": {
      "resolved": "packages/integration-test",
      "link": true
    },
    "node_modules/@onting/selenium-webdriver-message-port-pages": {
      "resolved": "packages/pages",
      "link": true
    },
    "node_modules/@onting/test-harness": {
      "resolved": "packages/test-harness",
      "link": true
    },
    "node_modules/typescript": {
      "version": "6.0.3",
      "resolved": "https://registry.npmjs.org/typescript/-/typescript-6.0.3.tgz",
      "integrity": "sha512-y2TvuxSZPDyQakkFRPZHKFm+KKVqIisdg9/CZwm9ftvKXLP8NRWj38/ODjNbr43SsoXqNuAisEf1GdCxqWcdBw==",
      "license": "Apache-2.0",
      "peer": true,
      "bin": {
        "tsc": "bin/tsc",
        "tsserver": "bin/tsserver"
      },
      "engines": {
        "node": ">=14.17"
      }
    },
    "packages/integration-test": {
      "name": "@onting/selenium-webdriver-message-port-integration-test",
      "version": "0.0.0-0",
      "license": "MIT",
      "devDependencies": {
        "@onting/selenium-webdriver-message-port": "0.0.0-0"
      }
    },
    "packages/pages": {
      "name": "@onting/selenium-webdriver-message-port-pages",
      "version": "0.0.0-0",
      "license": "MIT",
      "devDependencies": {
        "@onting/selenium-webdriver-message-port": "0.0.0-0"
      }
    },
    "packages/selenium-webdriver-message-port": {
      "name": "@onting/selenium-webdriver-message-port",
      "version": "0.0.0-0",
      "license": "MIT",
      "devDependencies": {}
    },
    "packages/test-harness": {
      "name": "@onting/test-harness",
      "version": "0.0.0-0",
      "peerDependencies": {
        "typescript": ">=5"
      }
    }
  }
}
